// !$*UTF8*$!
{
	archiveVersion = 1;
	classes = {
	};
	objectVersion = 50;
	objects = {

/* Begin PBXBuildFile section */
		952DF9A82354911400799FAF /* AppDelegate.swift in Sources */ = {isa = PBXBuildFile; fileRef = 952DF9A72354911400799FAF /* AppDelegate.swift */; };
		952DF9AA2354911400799FAF /* SceneDelegate.swift in Sources */ = {isa = PBXBuildFile; fileRef = 952DF9A92354911400799FAF /* SceneDelegate.swift */; };
		952DF9AC2354911400799FAF /* ContentView.swift in Sources */ = {isa = PBXBuildFile; fileRef = 952DF9AB2354911400799FAF /* ContentView.swift */; };
		952DF9AE2354911500799FAF /* Assets.xcassets in Resources */ = {isa = PBXBuildFile; fileRef = 952DF9AD2354911500799FAF /* Assets.xcassets */; };
		952DF9B12354911500799FAF /* Preview Assets.xcassets in Resources */ = {isa = PBXBuildFile; fileRef = 952DF9B02354911500799FAF /* Preview Assets.xcassets */; };
		952DF9B42354911500799FAF /* LaunchScreen.storyboard in Resources */ = {isa = PBXBuildFile; fileRef = 952DF9B22354911500799FAF /* LaunchScreen.storyboard */; };
		952DF9BC2354982400799FAF /* CompassHeading.swift in Sources */ = {isa = PBXBuildFile; fileRef = 952DF9BB2354982400799FAF /* CompassHeading.swift */; };
/* End PBXBuildFile section */

/* Begin PBXFileReference section */
		952DF9A42354911400799FAF /* BuildACompassAppWithSwiftUI.app */ = {isa = PBXFileReference; explicitFileType = wrapper.application; includeInIndex = 0; path = BuildACompassAppWithSwiftUI.app; sourceTree = BUILT_PRODUCTS_DIR; };
		952DF9A72354911400799FAF /* AppDelegate.swift */ = {isa = PBXFileReference; lastKnownFileType = sourcecode.swift; path = AppDelegate.swift; sourceTree = "<group>"; };
		952DF9A92354911400799FAF /* SceneDelegate.swift */ = {isa = PBXFileReference; lastKnownFileType = sourcecode.swift; path = SceneDelegate.swift; sourceTree = "<group>"; };
		952DF9AB2354911400799FAF /* ContentView.swift */ = {isa = PBXFileReference; lastKnownFileType = sourcecode.swift; path = ContentView.swift; sourceTree = "<group>"; };
		952DF9AD2354911500799FAF /* Assets.xcassets */ = {isa = PBXFileReference; lastKnownFileType = folder.assetcatalog; path = Assets.xcassets; sourceTree = "<group>"; };
		952DF9B02354911500799FAF /* Preview Assets.xcassets */ = {isa = PBXFileReference; lastKnownFileType = folder.assetcatalog; path = "Preview Assets.xcassets"; sourceTree = "<group>"; };
		952DF9B32354911500799FAF /* Base */ = {isa = PBXFileReference; lastKnownFileType = file.storyboard; name = Base; path = Base.lproj/LaunchScreen.storyboard; sourceTree = "<group>"; };
		952DF9B52354911500799FAF /* Info.plist */ = {isa = PBXFileReference; lastKnownFileType = text.plist.xml; path = Info.plist; sourceTree = "<group>"; };
		952DF9BB2354982400799FAF /* CompassHeading.swift */ = {isa = PBXFileReference; lastKnownFileType = sourcecode.swift; path = CompassHeading.swift; sourceTree = "<group>"; };
/* End PBXFileReference section */

/* Begin PBXFrameworksBuildPhase section */
		952DF9A12354911400799FAF /* Frameworks */ = {
			isa = PBXFrameworksBuildPhase;
			buildActionMask = 2147483647;
			files = (
			);
			runOnlyForDeploymentPostprocessing = 0;
		};
/* End PBXFrameworksBuildPhase section */

/* Begin PBXGroup section */
		952DF99B2354911400799FAF = {
			isa = PBXGroup;
			children = (
				952DF9A62354911400799FAF /* BuildACompassAppWithSwiftUI */,
				952DF9A52354911400799FAF /* Products */,
			);
			sourceTree = "<group>";
		};
		952DF9A52354911400799FAF /* Products */ = {
			isa = PBXGroup;
			children = (
				952DF9A42354911400799FAF /* BuildACompassAppWithSwiftUI.app */,
			);
			name = Products;
			sourceTree = "<group>";
		};
		952DF9A62354911400799FAF /* BuildACompassAppWithSwiftUI */ = {
			isa = PBXGroup;
			children = (
				952DF9A72354911400799FAF /* AppDelegate.swift */,
				952DF9A92354911400799FAF /* SceneDelegate.swift */,
				952DF9AB2354911400799FAF /* ContentView.swift */,
				952DF9BB2354982400799FAF /* CompassHeading.swift */,
				952DF9AD2354911500799FAF /* Assets.xcassets */,
				952DF9B22354911500799FAF /* LaunchScreen.storyboard */,
				952DF9B52354911500799FAF /* Info.plist */,
				952DF9AF2354911500799FAF /* Preview Content */,
			);
			path = BuildACompassAppWithSwiftUI;
			sourceTree = "<group>";
		};
		952DF9AF2354911500799FAF /* Preview Content */ = {
			isa = PBXGroup;
			children = (
				952DF9B02354911500799FAF /* Preview Assets.xcassets */,
			);
			path = "Preview Content";
			sourceTree = "<group>";
		};
/* End PBXGroup section */

/* Begin PBXNativeTarget section */
		952DF9A32354911400799FAF /* BuildACompassAppWithSwiftUI */ = {
			isa = PBXNativeTarget;
			buildConfigurationList = 952DF9B82354911500799FAF /* Build configuration list for PBXNativeTarget "BuildACompassAppWithSwiftUI" */;
			buildPhases = (
				952DF9A02354911400799FAF /* Sources */,
				952DF9A12354911400799FAF /* Frameworks */,
				952DF9A22354911400799FAF /* Resources */,
			);
			buildRules = (
			);
			dependencies = (
			);
			name = BuildACompassAppWithSwiftUI;
			productName = BuildACompassAppWithSwiftUI;
			productReference = 952DF9A42354911400799FAF /* BuildACompassAppWithSwiftUI.app */;
			productType = "com.apple.product-type.application";
		};
/* End PBXNativeTarget section */

/* Begin PBXProject section */
		952DF99C2354911400799FAF /* Project object */ = {
			isa = PBXProject;
			attributes = {
				LastSwiftUpdateCheck = 1100;
				LastUpgradeCheck = 1100;
				ORGANIZATIONNAME = com.ri;
				TargetAttributes = {
					952DF9A32354911400799FAF = {
						CreatedOnToolsVersion = 11.0;
					};
				};
			};
			buildConfigurationList = 952DF99F2354911400799FAF /* Build configuration list for PBXProject "BuildACompassAppWithSwiftUI" */;
			compatibilityVersion = "Xcode 9.3";
			developmentRegion = en;
			hasScannedForEncodings = 0;
			knownRegions = (
				en,
				Base,
			);
			mainGroup = 952DF99B2354911400799FAF;
			productRefGroup = 952DF9A52354911400799FAF /* Products */;
			projectDirPath = "";
			projectRoot = "";
			targets = (
				952DF9A32354911400799FAF /* BuildACompassAppWithSwiftUI */,
			);
		};
/* End PBXProject section */

/* Begin PBXResourcesBuildPhase section */
		952DF9A22354911400799FAF /* Resources */ = {
			isa = PBXResourcesBuildPhase;
			buildActionMask = 2147483647;
			files = (
				952DF9B42354911500799FAF /* LaunchScreen.storyboard in Resources */,
				952DF9B12354911500799FAF /* Preview Assets.xcassets in Resources */,
				952DF9AE2354911500799FAF /* Assets.xcassets in Resources */,
			);
			runOnlyForDeploymentPostprocessing = 0;
		};
/* End PBXResourcesBuildPhase section */

/* Begin PBXSourcesBuildPhase section */
		952DF9A02354911400799FAF /* Sources */ = {
			isa = PBXSourcesBuildPhase;
			buildActionMask = 2147483647;
			files = (
				952DF9A82354911400799FAF /* AppDelegate.swift in Sources */,
				952DF9BC2354982400799FAF /* CompassHeading.swift in Sources */,
				952DF9AA2354911400799FAF /* SceneDelegate.swift in Sources */,
				952DF9AC2354911400799FAF /* ContentView.swift in Sources */,
			);
			runOnlyForDeploymentPostprocessing = 0;
		};
/* End PBXSourcesBuildPhase section */

/* Begin PBXVariantGroup section */
		952DF9B22354911500799FAF /* LaunchScreen.storyboard */ = {
			isa = PBXVariantGroup;
			children = (
				952DF9B32354911500799FAF /* Base */,
			);
			name = LaunchScreen.storyboard;
			sourceTree = "<group>";
		};
/* End PBXVariantGroup section */

/* Begin XCBuildConfiguration section */
		952DF9B62354911500799FAF /* Debug */ = {
			isa = XCBuildConfiguration;
			buildSettings = {
				ALWAYS_SEARCH_USER_PATHS = NO;
				CLANG_ANALYZER_NONNULL = YES;
				CLANG_ANALYZER_NUMBER_OBJECT_CONVERSION = YES_AGGRESSIVE;
				CLANG_CXX_LANGUAGE_STANDARD = "gnu++14";
				CLANG_CXX_LIBRARY = "libc++";
				CLANG_ENABLE_MODULES = YES;
				CLANG_ENABLE_OBJC_ARC = YES;
				CLANG_ENABLE_OBJC_WEAK = YES;
				CLANG_WARN_BLOCK_CAPTURE_AUTORELEASING = YES;
				CLANG_WARN_BOOL_CONVERSION = YES;
				CLANG_WARN_COMMA = YES;
				CLANG_WARN_CONSTANT_CONVERSION = YES;
				CLANG_WARN_DEPRECATED_OBJC_IMPLEMENTATIONS = YES;
				CLANG_WARN_DIRECT_OBJC_ISA_USAGE = YES_ERROR;
				CLANG_WARN_DOCUMENTATION_COMMENTS = YES;
				CLANG_WARN_EMPTY_BODY = YES;
				CLANG_WARN_ENUM_CONVERSION = YES;
				CLANG_WARN_INFINITE_RECURSION = YES;
				CLANG_WARN_INT_CONVERSION = YES;
				CLANG_WARN_NON_LITERAL_NULL_CONVERSION = YES;
				CLANG_WARN_OBJC_IMPLICIT_RETAIN_SELF = YES;
				CLANG_WARN_OBJC_LITERAL_CONVERSION = YES;
				CLANG_WARN_OBJC_ROOT_CLASS = YES_ERROR;
				CLANG_WARN_RANGE_LOOP_ANALYSIS = YES;
				CLANG_WARN_STRICT_PROTOTYPES = YES;
				CLANG_WARN_SUSPICIOUS_MOVE = YES;
				CLANG_WARN_UNGUARDED_AVAILABILITY = YES_AGGRESSIVE;
				CLANG_WARN_UNREACHABLE_CODE = YES;
				CLANG_WARN__DUPLICATE_METHOD_MATCH = YES;
				COPY_PHASE_STRIP = NO;
				DEBUG_INFORMATION_FORMAT = dwarf;
				ENABLE_STRICT_OBJC_MSGSEND = YES;
				ENABLE_TESTABILITY = YES;
				GCC_C_LANGUAGE_STANDARD = gnu11;
				GCC_DYNAMIC_NO_PIC = NO;
				GCC_NO_COMMON_BLOCKS = YES;
				GCC_OPTIMIZATION_LEVEL = 0;
				GCC_PREPROCESSOR_DEFINITIONS = (
					"DEBUG=1",
					"$(inherited)",
				);
				GCC_WARN_64_TO_32_BIT_CONVERSION = YES;
				GCC_WARN_ABOUT_RETURN_TYPE = YES_ERROR;
				GCC_WARN_UNDECLARED_SELECTOR = YES;
				GCC_WARN_UNINITIALIZED_AUTOS = YES_AGGRESSIVE;
				GCC_WARN_UNUSED_FUNCTION = YES;
				GCC_WARN_UNUSED_VARIABLE = YES;
				IPHONEOS_DEPLOYMENT_TARGET = 13.0;
				MTL_ENABLE_DEBUG_INFO = INCLUDE_SOURCE;
				MTL_FAST_MATH = YES;
				ONLY_ACTIVE_ARCH = YES;
				SDKROOT = iphoneos;
				SWIFT_ACTIVE_COMPILATION_CONDITIONS = DEBUG;
				SWIFT_OPTIMIZATION_LEVEL = "-Onone";
			};
			name = Debug;
		};
		952DF9B72354911500799FAF /* Release */ = {
			isa = XCBuildConfiguration;
			buildSettings = {
				ALWAYS_SEARCH_USER_PATHS = NO;
				CLANG_ANALYZER_NONNULL = YES;
				CLANG_ANALYZER_NUMBER_OBJECT_CONVERSION = YES_AGGRESSIVE;
				CLANG_CXX_LANGUAGE_STANDARD = "gnu++14";
				CLANG_CXX_LIBRARY = "libc++";
				CLANG_ENABLE_MODULES = YES;
				CLANG_ENABLE_OBJC_ARC = YES;
				CLANG_ENABLE_OBJC_WEAK = YES;
				CLANG_WARN_BLOCK_CAPTURE_AUTORELEASING = YES;
				CLANG_WARN_BOOL_CONVERSION = YES;
				CLANG_WARN_COMMA = YES;
				CLANG_WARN_CONSTANT_CONVERSION = YES;
				CLANG_WARN_DEPRECATED_OBJC_IMPLEMENTATIONS = YES;
				CLANG_WARN_DIRECT_OBJC_ISA_USAGE = YES_ERROR;
				CLANG_WARN_DOCUMENTATION_COMMENTS = YES;
				CLANG_WARN_EMPTY_BODY = YES;
				CLANG_WARN_ENUM_CONVERSION = YES;
				CLANG_WARN_INFINITE_RECURSION = YES;
				CLANG_WARN_INT_CONVERSION = YES;
				CLANG_WARN_NON_LITERAL_NULL_CONVERSION = YES;
				CLANG_WARN_OBJC_IMPLICIT_RETAIN_SELF = YES;
				CLANG_WARN_OBJC_LITERAL_CONVERSION = YES;
				CLANG_WARN_OBJC_ROOT_CLASS = YES_ERROR;
				CLANG_WARN_RANGE_LOOP_ANALYSIS = YES;
				CLANG_WARN_STRICT_PROTOTYPES = YES;
				CLANG_WARN_SUSPICIOUS_MOVE = YES;
				CLANG_WARN_UNGUARDED_AVAILABILITY = YES_AGGRESSIVE;
				CLANG_WARN_UNREACHABLE_CODE = YES;
				CLANG_WARN__DUPLICATE_METHOD_MATCH = YES;
				COPY_PHASE_STRIP = NO;
				DEBUG_INFORMATION_FORMAT = "dwarf-with-dsym";
				ENABLE_NS_ASSERTIONS = NO;
				ENABLE_STRICT_OBJC_MSGSEND = YES;
				GCC_C_LANGUAGE_STANDARD = gnu11;
				GCC_NO_COMMON_BLOCKS = YES;
				GCC_WARN_64_TO_32_BIT_CONVERSION = YES;
				GCC_WARN_ABOUT_RETURN_TYPE = YES_ERROR;
				GCC_WARN_UNDECLARED_SELECTOR = YES;
				GCC_WARN_UNINITIALIZED_AUTOS = YES_AGGRESSIVE;
				GCC_WARN_UNUSED_FUNCTION = YES;
				GCC_WARN_UNUSED_VARIABLE = YES;
				IPHONEOS_DEPLOYMENT_TARGET = 13.0;
				MTL_ENABLE_DEBUG_INFO = NO;
				MTL_FAST_MATH = YES;
				SDKROOT = iphoneos;
				SWIFT_COMPILATION_MODE = wholemodule;
				SWIFT_OPTIMIZATION_LEVEL = "-O";
				VALIDATE_PRODUCT = YES;
			};
			name = Release;
		};
		952DF9B92354911500799FAF /* Debug */ = {
			isa = XCBuildConfiguration;
			buildSettings = {
				ASSETCATALOG_COMPILER_APPICON_NAME = AppIcon;
				CODE_SIGN_STYLE = Automatic;
				DEVELOPMENT_ASSET_PATHS = "\"BuildACompassAppWithSwiftUI/Preview Content\"";
				DEVELOPMENT_TEAM = L8W86DZDY2;
				ENABLE_PREVIEWS = YES;
				INFOPLIST_FILE = BuildACompassAppWithSwiftUI/Info.plist;
				LD_RUNPATH_SEARCH_PATHS = (
					"$(inherited)",
					"@executable_path/Frameworks",
				);
				PRODUCT_BUNDLE_IDENTIFIER = com.ri.BuildACompassAppWithSwiftUI;
				PRODUCT_NAME = "$(TARGET_NAME)";
				SWIFT_VERSION = 5.0;
				TARGETED_DEVICE_FAMILY = "1,2";
			};
			name = Debug;
		};
		952DF9BA2354911500799FAF /* Release */ = {
			isa = XCBuildConfiguration;
			buildSettings = {
				ASSETCATALOG_COMPILER_APPICON_NAME = AppIcon;
				CODE_SIGN_STYLE = Automatic;
				DEVELOPMENT_ASSET_PATHS = "\"BuildACompassAppWithSwiftUI/Preview Content\"";
				DEVELOPMENT_TEAM = L8W86DZDY2;
				ENABLE_PREVIEWS = YES;
				INFOPLIST_FILE = BuildACompassAppWithSwiftUI/Info.plist;
				LD_RUNPATH_SEARCH_PATHS = (
					"$(inherited)",
					"@executable_path/Frameworks",
				);
				PRODUCT_BUNDLE_IDENTIFIER = com.ri.BuildACompassAppWithSwiftUI;
				PRODUCT_NAME = "$(TARGET_NAME)";
				SWIFT_VERSION = 5.0;
				TARGETED_DEVICE_FAMILY = "1,2";
			};
			name = Release;
		};
/* End XCBuildConfiguration section */

/* Begin XCConfigurationList section */
		952DF99F2354911400799FAF /* Build configuration list for PBXProject "BuildACompassAppWithSwiftUI" */ = {
			isa = XCConfigurationList;
			buildConfigurations = (
				952DF9B62354911500799FAF /* Debug */,
				952DF9B72354911500799FAF /* Release */,
			);
			defaultConfigurationIsVisible = 0;
			defaultConfigurationName = Release;
		};
		952DF9B82354911500799FAF /* Build configuration list for PBXNativeTarget "BuildACompassAppWithSwiftUI" */ = {
			isa = XCConfigurationList;
			buildConfigurations = (
				952DF9B92354911500799FAF /* Debug */,
				952DF9BA2354911500799FAF /* Release */,
			);
			defaultConfigurationIsVisible = 0;
			defaultConfigurationName = Release;
		};
/* End XCConfigurationList section */
	};
	rootObject = 952DF99C2354911400799FAF /* Project object */;
}
